// !$*UTF8*$!
{
	archiveVersion = 1;
	classes = {
	};
	objectVersion = 50;
	objects = {

/* Begin PBXBuildFile section */
		455E94318168A23ECA64970F /* Pods_iOS_Developer_Quiz.framework in Frameworks */ = {isa = PBXBuildFile; fileRef = 3CDC84C747B22B8A91A718AE /* Pods_iOS_Developer_Quiz.framework */; };
		4A4E5CA922C3881000DBD376 /* AppDelegate.swift in Sources */ = {isa = PBXBuildFile; fileRef = 4A4E5CA822C3881000DBD376 /* AppDelegate.swift */; };
		4A4E5CAB22C3881000DBD376 /* ViewController.swift in Sources */ = {isa = PBXBuildFile; fileRef = 4A4E5CAA22C3881000DBD376 /* ViewController.swift */; };
		4A4E5CAE22C3881000DBD376 /* Main.storyboard in Resources */ = {isa = PBXBuildFile; fileRef = 4A4E5CAC22C3881000DBD376 /* Main.storyboard */; };
		4A4E5CB022C3881200DBD376 /* Assets.xcassets in Resources */ = {isa = PBXBuildFile; fileRef = 4A4E5CAF22C3881200DBD376 /* Assets.xcassets */; };
		4A4E5CB322C3881200DBD376 /* LaunchScreen.storyboard in Resources */ = {isa = PBXBuildFile; fileRef = 4A4E5CB122C3881200DBD376 /* LaunchScreen.storyboard */; };
		4A4E5CBE22C3881200DBD376 /* iOS_Developer_QuizTests.swift in Sources */ = {isa = PBXBuildFile; fileRef = 4A4E5CBD22C3881200DBD376 /* iOS_Developer_QuizTests.swift */; };
		EF05CB1485535D59323E1DF2 /* Pods_iOS_Developer_QuizTests.framework in Frameworks */ = {isa = PBXBuildFile; fileRef = 2A450159FA81A789E29183BF /* Pods_iOS_Developer_QuizTests.framework */; };
/* End PBXBuildFile section */

/* Begin PBXContainerItemProxy section */
		4A4E5CBA22C3881200DBD376 /* PBXContainerItemProxy */ = {
			isa = PBXContainerItemProxy;
			containerPortal = 4A4E5C9D22C3880F00DBD376 /* Project object */;
			proxyType = 1;
			remoteGlobalIDString = 4A4E5CA422C3880F00DBD376;
			remoteInfo = "iOS Developer Quiz";
		};
/* End PBXContainerItemProxy section */

/* Begin PBXFileReference section */
		2A450159FA81A789E29183BF /* Pods_iOS_Developer_QuizTests.framework */ = {isa = PBXFileReference; explicitFileType = wrapper.framework; includeInIndex = 0; path = Pods_iOS_Developer_QuizTests.framework; sourceTree = BUILT_PRODUCTS_DIR; };
		3CDC84C747B22B8A91A718AE /* Pods_iOS_Developer_Quiz.framework */ = {isa = PBXFileReference; explicitFileType = wrapper.framework; includeInIndex = 0; path = Pods_iOS_Developer_Quiz.framework; sourceTree = BUILT_PRODUCTS_DIR; };
		4A4E5CA522C3880F00DBD376 /* iOS Developer Quiz.app */ = {isa = PBXFileReference; explicitFileType = wrapper.application; includeInIndex = 0; path = "iOS Developer Quiz.app"; sourceTree = BUILT_PRODUCTS_DIR; };
		4A4E5CA822C3881000DBD376 /* AppDelegate.swift */ = {isa = PBXFileReference; lastKnownFileType = sourcecode.swift; path = AppDelegate.swift; sourceTree = "<group>"; };
		4A4E5CAA22C3881000DBD376 /* ViewController.swift */ = {isa = PBXFileReference; lastKnownFileType = sourcecode.swift; path = ViewController.swift; sourceTree = "<group>"; };
		4A4E5CAD22C3881000DBD376 /* Base */ = {isa = PBXFileReference; lastKnownFileType = file.storyboard; name = Base; path = Base.lproj/Main.storyboard; sourceTree = "<group>"; };
		4A4E5CAF22C3881200DBD376 /* Assets.xcassets */ = {isa = PBXFileReference; lastKnownFileType = folder.assetcatalog; path = Assets.xcassets; sourceTree = "<group>"; };
		4A4E5CB222C3881200DBD376 /* Base */ = {isa = PBXFileReference; lastKnownFileType = file.storyboard; name = Base; path = Base.lproj/LaunchScreen.storyboard; sourceTree = "<group>"; };
		4A4E5CB422C3881200DBD376 /* Info.plist */ = {isa = PBXFileReference; lastKnownFileType = text.plist.xml; path = Info.plist; sourceTree = "<group>"; };
		4A4E5CB922C3881200DBD376 /* iOS Developer QuizTests.xctest */ = {isa = PBXFileReference; explicitFileType = wrapper.cfbundle; includeInIndex = 0; path = "iOS Developer QuizTests.xctest"; sourceTree = BUILT_PRODUCTS_DIR; };
		4A4E5CBD22C3881200DBD376 /* iOS_Developer_QuizTests.swift */ = {isa = PBXFileReference; lastKnownFileType = sourcecode.swift; path = iOS_Developer_QuizTests.swift; sourceTree = "<group>"; };
		4A4E5CBF22C3881200DBD376 /* Info.plist */ = {isa = PBXFileReference; lastKnownFileType = text.plist.xml; path = Info.plist; sourceTree = "<group>"; };
		5319F42816E40BCB2105EC4F /* Pods-iOS Developer Quiz.debug.xcconfig */ = {isa = PBXFileReference; includeInIndex = 1; lastKnownFileType = text.xcconfig; name = "Pods-iOS Developer Quiz.debug.xcconfig"; path = "Target Support Files/Pods-iOS Developer Quiz/Pods-iOS Developer Quiz.debug.xcconfig"; sourceTree = "<group>"; };
		B60D734E75434EDCD64B0D6E /* Pods-iOS Developer Quiz.release.xcconfig */ = {isa = PBXFileReference; includeInIndex = 1; lastKnownFileType = text.xcconfig; name = "Pods-iOS Developer Quiz.release.xcconfig"; path = "Target Support Files/Pods-iOS Developer Quiz/Pods-iOS Developer Quiz.release.xcconfig"; sourceTree = "<group>"; };
		BDA4B496CD0865A409DE7FB2 /* Pods-iOS Developer QuizTests.debug.xcconfig */ = {isa = PBXFileReference; includeInIndex = 1; lastKnownFileType = text.xcconfig; name = "Pods-iOS Developer QuizTests.debug.xcconfig"; path = "Target Support Files/Pods-iOS Developer QuizTests/Pods-iOS Developer QuizTests.debug.xcconfig"; sourceTree = "<group>"; };
		C8BA907BFC8513AFD6BDD869 /* Pods-iOS Developer QuizTests.release.xcconfig */ = {isa = PBXFileReference; includeInIndex = 1; lastKnownFileType = text.xcconfig; name = "Pods-iOS Developer QuizTests.release.xcconfig"; path = "Target Support Files/Pods-iOS Developer QuizTests/Pods-iOS Developer QuizTests.release.xcconfig"; sourceTree = "<group>"; };
/* End PBXFileReference section */

/* Begin PBXFrameworksBuildPhase section */
		4A4E5CA222C3880F00DBD376 /* Frameworks */ = {
			isa = PBXFrameworksBuildPhase;
			buildActionMask = 2147483647;
			files = (
				455E94318168A23ECA64970F /* Pods_iOS_Developer_Quiz.framework in Frameworks */,
			);
			runOnlyForDeploymentPostprocessing = 0;
		};
		4A4E5CB622C3881200DBD376 /* Frameworks */ = {
			isa = PBXFrameworksBuildPhase;
			buildActionMask = 2147483647;
			files = (
				EF05CB1485535D59323E1DF2 /* Pods_iOS_Developer_QuizTests.framework in Frameworks */,
			);
			runOnlyForDeploymentPostprocessing = 0;
		};
/* End PBXFrameworksBuildPhase section */

/* Begin PBXGroup section */
		40FFA4D01C90090077DF259B /* Pods */ = {
			isa = PBXGroup;
			children = (
				5319F42816E40BCB2105EC4F /* Pods-iOS Developer Quiz.debug.xcconfig */,
				B60D734E75434EDCD64B0D6E /* Pods-iOS Developer Quiz.release.xcconfig */,
				BDA4B496CD0865A409DE7FB2 /* Pods-iOS Developer QuizTests.debug.xcconfig */,
				C8BA907BFC8513AFD6BDD869 /* Pods-iOS Developer QuizTests.release.xcconfig */,
			);
			name = Pods;
			path = Pods;
			sourceTree = "<group>";
		};
		4A4E5C9C22C3880F00DBD376 = {
			isa = PBXGroup;
			children = (
				4A4E5CA722C3881000DBD376 /* iOS Developer Quiz */,
				4A4E5CBC22C3881200DBD376 /* iOS Developer QuizTests */,
				4A4E5CA622C3880F00DBD376 /* Products */,
				40FFA4D01C90090077DF259B /* Pods */,
				9E4B73D300A59E97E38977B6 /* Frameworks */,
			);
			sourceTree = "<group>";
		};
		4A4E5CA622C3880F00DBD376 /* Products */ = {
			isa = PBXGroup;
			children = (
				4A4E5CA522C3880F00DBD376 /* iOS Developer Quiz.app */,
				4A4E5CB922C3881200DBD376 /* iOS Developer QuizTests.xctest */,
			);
			name = Products;
			sourceTree = "<group>";
		};
		4A4E5CA722C3881000DBD376 /* iOS Developer Quiz */ = {
			isa = PBXGroup;
			children = (
				4A4E5CA822C3881000DBD376 /* AppDelegate.swift */,
				4A4E5CAA22C3881000DBD376 /* ViewController.swift */,
				4A4E5CAC22C3881000DBD376 /* Main.storyboard */,
				4A4E5CAF22C3881200DBD376 /* Assets.xcassets */,
				4A4E5CB122C3881200DBD376 /* LaunchScreen.storyboard */,
				4A4E5CB422C3881200DBD376 /* Info.plist */,
			);
			path = "iOS Developer Quiz";
			sourceTree = "<group>";
		};
		4A4E5CBC22C3881200DBD376 /* iOS Developer QuizTests */ = {
			isa = PBXGroup;
			children = (
				4A4E5CBD22C3881200DBD376 /* iOS_Developer_QuizTests.swift */,
				4A4E5CBF22C3881200DBD376 /* Info.plist */,
			);
			path = "iOS Developer QuizTests";
			sourceTree = "<group>";
		};
		9E4B73D300A59E97E38977B6 /* Frameworks */ = {
			isa = PBXGroup;
			children = (
				3CDC84C747B22B8A91A718AE /* Pods_iOS_Developer_Quiz.framework */,
				2A450159FA81A789E29183BF /* Pods_iOS_Developer_QuizTests.framework */,
			);
			name = Frameworks;
			sourceTree = "<group>";
		};
/* End PBXGroup section */

/* Begin PBXNativeTarget section */
		4A4E5CA422C3880F00DBD376 /* iOS Developer Quiz */ = {
			isa = PBXNativeTarget;
			buildConfigurationList = 4A4E5CC222C3881200DBD376 /* Build configuration list for PBXNativeTarget "iOS Developer Quiz" */;
			buildPhases = (
				663DFC09C392448F52A7B85E /* [CP] Check Pods Manifest.lock */,
				4A4E5CA122C3880F00DBD376 /* Sources */,
				4A4E5CA222C3880F00DBD376 /* Frameworks */,
				4A4E5CA322C3880F00DBD376 /* Resources */,
				B7934B8AEAD60412813FCC8E /* [CP] Embed Pods Frameworks */,
			);
			buildRules = (
			);
			dependencies = (
			);
			name = "iOS Developer Quiz";
			productName = "iOS Developer Quiz";
			productReference = 4A4E5CA522C3880F00DBD376 /* iOS Developer Quiz.app */;
			productType = "com.apple.product-type.application";
		};
		4A4E5CB822C3881200DBD376 /* iOS Developer QuizTests */ = {
			isa = PBXNativeTarget;
			buildConfigurationList = 4A4E5CC522C3881200DBD376 /* Build configuration list for PBXNativeTarget "iOS Developer QuizTests" */;
			buildPhases = (
				313B52339FC3A8CFB6ECB6FF /* [CP] Check Pods Manifest.lock */,
				4A4E5CB522C3881200DBD376 /* Sources */,
				4A4E5CB622C3881200DBD376 /* Frameworks */,
				4A4E5CB722C3881200DBD376 /* Resources */,
			);
			buildRules = (
			);
			dependencies = (
				4A4E5CBB22C3881200DBD376 /* PBXTargetDependency */,
			);
			name = "iOS Developer QuizTests";
			productName = "iOS Developer QuizTests";
			productReference = 4A4E5CB922C3881200DBD376 /* iOS Developer QuizTests.xctest */;
			productType = "com.apple.product-type.bundle.unit-test";
		};
/* End PBXNativeTarget section */

/* Begin PBXProject section */
		4A4E5C9D22C3880F00DBD376 /* Project object */ = {
			isa = PBXProject;
			attributes = {
				LastSwiftUpdateCheck = 1020;
				LastUpgradeCheck = 1020;
				ORGANIZATIONNAME = "udom Neakaew";
				TargetAttributes = {
					4A4E5CA422C3880F00DBD376 = {
						CreatedOnToolsVersion = 10.2.1;
					};
					4A4E5CB822C3881200DBD376 = {
						CreatedOnToolsVersion = 10.2.1;
						TestTargetID = 4A4E5CA422C3880F00DBD376;
					};
				};
			};
			buildConfigurationList = 4A4E5CA022C3880F00DBD376 /* Build configuration list for PBXProject "iOS Developer Quiz" */;
			compatibilityVersion = "Xcode 9.3";
			developmentRegion = en;
			hasScannedForEncodings = 0;
			knownRegions = (
				en,
				Base,
			);
			mainGroup = 4A4E5C9C22C3880F00DBD376;
			productRefGroup = 4A4E5CA622C3880F00DBD376 /* Products */;
			projectDirPath = "";
			projectRoot = "";
			targets = (
				4A4E5CA422C3880F00DBD376 /* iOS Developer Quiz */,
				4A4E5CB822C3881200DBD376 /* iOS Developer QuizTests */,
			);
		};
/* End PBXProject section */

/* Begin PBXResourcesBuildPhase section */
		4A4E5CA322C3880F00DBD376 /* Resources */ = {
			isa = PBXResourcesBuildPhase;
			buildActionMask = 2147483647;
			files = (
				4A4E5CB322C3881200DBD376 /* LaunchScreen.storyboard in Resources */,
				4A4E5CB022C3881200DBD376 /* Assets.xcassets in Resources */,
				4A4E5CAE22C3881000DBD376 /* Main.storyboard in Resources */,
			);
			runOnlyForDeploymentPostprocessing = 0;
		};
		4A4E5CB722C3881200DBD376 /* Resources */ = {
			isa = PBXResourcesBuildPhase;
			buildActionMask = 2147483647;
			files = (
			);
			runOnlyForDeploymentPostprocessing = 0;
		};
/* End PBXResourcesBuildPhase section */

/* Begin PBXShellScriptBuildPhase section */
		313B52339FC3A8CFB6ECB6FF /* [CP] Check Pods Manifest.lock */ = {
			isa = PBXShellScriptBuildPhase;
			buildActionMask = 2147483647;
			files = (
			);
			inputFileListPaths = (
			);
			inputPaths = (
				"${PODS_PODFILE_DIR_PATH}/Podfile.lock",
				"${PODS_ROOT}/Manifest.lock",
			);
			name = "[CP] Check Pods Manifest.lock";
			outputFileListPaths = (
			);
			outputPaths = (
				"$(DERIVED_FILE_DIR)/Pods-iOS Developer QuizTests-checkManifestLockResult.txt",
			);
			runOnlyForDeploymentPostprocessing = 0;
			shellPath = /bin/sh;
			shellScript = "diff \"${PODS_PODFILE_DIR_PATH}/Podfile.lock\" \"${PODS_ROOT}/Manifest.lock\" > /dev/null\nif [ $? != 0 ] ; then\n    # print error to STDERR\n    echo \"error: The sandbox is not in sync with the Podfile.lock. Run 'pod install' or update your CocoaPods installation.\" >&2\n    exit 1\nfi\n# This output is used by Xcode 'outputs' to avoid re-running this script phase.\necho \"SUCCESS\" > \"${SCRIPT_OUTPUT_FILE_0}\"\n";
			showEnvVarsInLog = 0;
		};
		663DFC09C392448F52A7B85E /* [CP] Check Pods Manifest.lock */ = {
			isa = PBXShellScriptBuildPhase;
			buildActionMask = 2147483647;
			files = (
			);
			inputFileListPaths = (
			);
			inputPaths = (
				"${PODS_PODFILE_DIR_PATH}/Podfile.lock",
				"${PODS_ROOT}/Manifest.lock",
			);
			name = "[CP] Check Pods Manifest.lock";
			outputFileListPaths = (
			);
			outputPaths = (
				"$(DERIVED_FILE_DIR)/Pods-iOS Developer Quiz-checkManifestLockResult.txt",
			);
			runOnlyForDeploymentPostprocessing = 0;
			shellPath = /bin/sh;
			shellScript = "diff \"${PODS_PODFILE_DIR_PATH}/Podfile.lock\" \"${PODS_ROOT}/Manifest.lock\" > /dev/null\nif [ $? != 0 ] ; then\n    # print error to STDERR\n    echo \"error: The sandbox is not in sync with the Podfile.lock. Run 'pod install' or update your CocoaPods installation.\" >&2\n    exit 1\nfi\n# This output is used by Xcode 'outputs' to avoid re-running this script phase.\necho \"SUCCESS\" > \"${SCRIPT_OUTPUT_FILE_0}\"\n";
			showEnvVarsInLog = 0;
		};
		B7934B8AEAD60412813FCC8E /* [CP] Embed Pods Frameworks */ = {
			isa = PBXShellScriptBuildPhase;
			buildActionMask = 2147483647;
			files = (
			);
			inputFileListPaths = (
				"${PODS_ROOT}/Target Support Files/Pods-iOS Developer Quiz/Pods-iOS Developer Quiz-frameworks-${CONFIGURATION}-input-files.xcfilelist",
			);
			name = "[CP] Embed Pods Frameworks";
			outputFileListPaths = (
				"${PODS_ROOT}/Target Support Files/Pods-iOS Developer Quiz/Pods-iOS Developer Quiz-frameworks-${CONFIGURATION}-output-files.xcfilelist",
			);
			runOnlyForDeploymentPostprocessing = 0;
			shellPath = /bin/sh;
			shellScript = "\"${PODS_ROOT}/Target Support Files/Pods-iOS Developer Quiz/Pods-iOS Developer Quiz-frameworks.sh\"\n";
			showEnvVarsInLog = 0;
		};
/* End PBXShellScriptBuildPhase section */

/* Begin PBXSourcesBuildPhase section */
		4A4E5CA122C3880F00DBD376 /* Sources */ = {
			isa = PBXSourcesBuildPhase;
			buildActionMask = 2147483647;
			files = (
				4A4E5CAB22C3881000DBD376 /* ViewController.swift in Sources */,
				4A4E5CA922C3881000DBD376 /* AppDelegate.swift in Sources */,
			);
			runOnlyForDeploymentPostprocessing = 0;
		};
		4A4E5CB522C3881200DBD376 /* Sources */ = {
			isa = PBXSourcesBuildPhase;
			buildActionMask = 2147483647;
			files = (
				4A4E5CBE22C3881200DBD376 /* iOS_Developer_QuizTests.swift in Sources */,
			);
			runOnlyForDeploymentPostprocessing = 0;
		};
/* End PBXSourcesBuildPhase section */

/* Begin PBXTargetDependency section */
		4A4E5CBB22C3881200DBD376 /* PBXTargetDependency */ = {
			isa = PBXTargetDependency;
			target = 4A4E5CA422C3880F00DBD376 /* iOS Developer Quiz */;
			targetProxy = 4A4E5CBA22C3881200DBD376 /* PBXContainerItemProxy */;
		};
/* End PBXTargetDependency section */

/* Begin PBXVariantGroup section */
		4A4E5CAC22C3881000DBD376 /* Main.storyboard */ = {
			isa = PBXVariantGroup;
			children = (
				4A4E5CAD22C3881000DBD376 /* Base */,
			);
			name = Main.storyboard;
			sourceTree = "<group>";
		};
		4A4E5CB122C3881200DBD376 /* LaunchScreen.storyboard */ = {
			isa = PBXVariantGroup;
			children = (
				4A4E5CB222C3881200DBD376 /* Base */,
			);
			name = LaunchScreen.storyboard;
			sourceTree = "<group>";
		};
/* End PBXVariantGroup section */

/* Begin XCBuildConfiguration section */
		4A4E5CC022C3881200DBD376 /* Debug */ = {
			isa = XCBuildConfiguration;
			buildSettings = {
				ALWAYS_SEARCH_USER_PATHS = NO;
				CLANG_ANALYZER_NONNULL = YES;
				CLANG_ANALYZER_NUMBER_OBJECT_CONVERSION = YES_AGGRESSIVE;
				CLANG_CXX_LANGUAGE_STANDARD = "gnu++14";
				CLANG_CXX_LIBRARY = "libc++";
				CLANG_ENABLE_MODULES = YES;
				CLANG_ENABLE_OBJC_ARC = YES;
				CLANG_ENABLE_OBJC_WEAK = YES;
				CLANG_WARN_BLOCK_CAPTURE_AUTORELEASING = YES;
				CLANG_WARN_BOOL_CONVERSION = YES;
				CLANG_WARN_COMMA = YES;
				CLANG_WARN_CONSTANT_CONVERSION = YES;
				CLANG_WARN_DEPRECATED_OBJC_IMPLEMENTATIONS = YES;
				CLANG_WARN_DIRECT_OBJC_ISA_USAGE = YES_ERROR;
				CLANG_WARN_DOCUMENTATION_COMMENTS = YES;
				CLANG_WARN_EMPTY_BODY = YES;
				CLANG_WARN_ENUM_CONVERSION = YES;
				CLANG_WARN_INFINITE_RECURSION = YES;
				CLANG_WARN_INT_CONVERSION = YES;
				CLANG_WARN_NON_LITERAL_NULL_CONVERSION = YES;
				CLANG_WARN_OBJC_IMPLICIT_RETAIN_SELF = YES;
				CLANG_WARN_OBJC_LITERAL_CONVERSION = YES;
				CLANG_WARN_OBJC_ROOT_CLASS = YES_ERROR;
				CLANG_WARN_RANGE_LOOP_ANALYSIS = YES;
				CLANG_WARN_STRICT_PROTOTYPES = YES;
				CLANG_WARN_SUSPICIOUS_MOVE = YES;
				CLANG_WARN_UNGUARDED_AVAILABILITY = YES_AGGRESSIVE;
				CLANG_WARN_UNREACHABLE_CODE = YES;
				CLANG_WARN__DUPLICATE_METHOD_MATCH = YES;
				CODE_SIGN_IDENTITY = "iPhone Developer";
				COPY_PHASE_STRIP = NO;
				DEBUG_INFORMATION_FORMAT = dwarf;
				ENABLE_STRICT_OBJC_MSGSEND = YES;
				ENABLE_TESTABILITY = YES;
				GCC_C_LANGUAGE_STANDARD = gnu11;
				GCC_DYNAMIC_NO_PIC = NO;
				GCC_NO_COMMON_BLOCKS = YES;
				GCC_OPTIMIZATION_LEVEL = 0;
				GCC_PREPROCESSOR_DEFINITIONS = (
					"DEBUG=1",
					"$(inherited)",
				);
				GCC_WARN_64_TO_32_BIT_CONVERSION = YES;
				GCC_WARN_ABOUT_RETURN_TYPE = YES_ERROR;
				GCC_WARN_UNDECLARED_SELECTOR = YES;
				GCC_WARN_UNINITIALIZED_AUTOS = YES_AGGRESSIVE;
				GCC_WARN_UNUSED_FUNCTION = YES;
				GCC_WARN_UNUSED_VARIABLE = YES;
				IPHONEOS_DEPLOYMENT_TARGET = 12.2;
				MTL_ENABLE_DEBUG_INFO = INCLUDE_SOURCE;
				MTL_FAST_MATH = YES;
				ONLY_ACTIVE_ARCH = YES;
				SDKROOT = iphoneos;
				SWIFT_ACTIVE_COMPILATION_CONDITIONS = DEBUG;
				SWIFT_OPTIMIZATION_LEVEL = "-Onone";
			};
			name = Debug;
		};
		4A4E5CC122C3881200DBD376 /* Release */ = {
			isa = XCBuildConfiguration;
			buildSettings = {
				ALWAYS_SEARCH_USER_PATHS = NO;
				CLANG_ANALYZER_NONNULL = YES;
				CLANG_ANALYZER_NUMBER_OBJECT_CONVERSION = YES_AGGRESSIVE;
				CLANG_CXX_LANGUAGE_STANDARD = "gnu++14";
				CLANG_CXX_LIBRARY = "libc++";
				CLANG_ENABLE_MODULES = YES;
				CLANG_ENABLE_OBJC_ARC = YES;
				CLANG_ENABLE_OBJC_WEAK = YES;
				CLANG_WARN_BLOCK_CAPTURE_AUTORELEASING = YES;
				CLANG_WARN_BOOL_CONVERSION = YES;
				CLANG_WARN_COMMA = YES;
				CLANG_WARN_CONSTANT_CONVERSION = YES;
				CLANG_WARN_DEPRECATED_OBJC_IMPLEMENTATIONS = YES;
				CLANG_WARN_DIRECT_OBJC_ISA_USAGE = YES_ERROR;
				CLANG_WARN_DOCUMENTATION_COMMENTS = YES;
				CLANG_WARN_EMPTY_BODY = YES;
				CLANG_WARN_ENUM_CONVERSION = YES;
				CLANG_WARN_INFINITE_RECURSION = YES;
				CLANG_WARN_INT_CONVERSION = YES;
				CLANG_WARN_NON_LITERAL_NULL_CONVERSION = YES;
				CLANG_WARN_OBJC_IMPLICIT_RETAIN_SELF = YES;
				CLANG_WARN_OBJC_LITERAL_CONVERSION = YES;
				CLANG_WARN_OBJC_ROOT_CLASS = YES_ERROR;
				CLANG_WARN_RANGE_LOOP_ANALYSIS = YES;
				CLANG_WARN_STRICT_PROTOTYPES = YES;
				CLANG_WARN_SUSPICIOUS_MOVE = YES;
				CLANG_WARN_UNGUARDED_AVAILABILITY = YES_AGGRESSIVE;
				CLANG_WARN_UNREACHABLE_CODE = YES;
				CLANG_WARN__DUPLICATE_METHOD_MATCH = YES;
				CODE_SIGN_IDENTITY = "iPhone Developer";
				COPY_PHASE_STRIP = NO;
				DEBUG_INFORMATION_FORMAT = "dwarf-with-dsym";
				ENABLE_NS_ASSERTIONS = NO;
				ENABLE_STRICT_OBJC_MSGSEND = YES;
				GCC_C_LANGUAGE_STANDARD = gnu11;
				GCC_NO_COMMON_BLOCKS = YES;
				GCC_WARN_64_TO_32_BIT_CONVERSION = YES;
				GCC_WARN_ABOUT_RETURN_TYPE = YES_ERROR;
				GCC_WARN_UNDECLARED_SELECTOR = YES;
				GCC_WARN_UNINITIALIZED_AUTOS = YES_AGGRESSIVE;
				GCC_WARN_UNUSED_FUNCTION = YES;
				GCC_WARN_UNUSED_VARIABLE = YES;
				IPHONEOS_DEPLOYMENT_TARGET = 12.2;
				MTL_ENABLE_DEBUG_INFO = NO;
				MTL_FAST_MATH = YES;
				SDKROOT = iphoneos;
				SWIFT_COMPILATION_MODE = wholemodule;
				SWIFT_OPTIMIZATION_LEVEL = "-O";
				VALIDATE_PRODUCT = YES;
			};
			name = Release;
		};
		4A4E5CC322C3881200DBD376 /* Debug */ = {
			isa = XCBuildConfiguration;
			baseConfigurationReference = 5319F42816E40BCB2105EC4F /* Pods-iOS Developer Quiz.debug.xcconfig */;
			buildSettings = {
				ASSETCATALOG_COMPILER_APPICON_NAME = AppIcon;
				CODE_SIGN_STYLE = Automatic;
				INFOPLIST_FILE = "iOS Developer Quiz/Info.plist";
				LD_RUNPATH_SEARCH_PATHS = (
					"$(inherited)",
					"@executable_path/Frameworks",
				);
				PRODUCT_BUNDLE_IDENTIFIER = "udom2538.iOS-Developer-Quiz";
				PRODUCT_NAME = "$(TARGET_NAME)";
				SWIFT_VERSION = 5.0;
				TARGETED_DEVICE_FAMILY = "1,2";
			};
			name = Debug;
		};
		4A4E5CC422C3881200DBD376 /* Release */ = {
			isa = XCBuildConfiguration;
			baseConfigurationReference = B60D734E75434EDCD64B0D6E /* Pods-iOS Developer Quiz.release.xcconfig */;
			buildSettings = {
				ASSETCATALOG_COMPILER_APPICON_NAME = AppIcon;
				CODE_SIGN_STYLE = Automatic;
				INFOPLIST_FILE = "iOS Developer Quiz/Info.plist";
				LD_RUNPATH_SEARCH_PATHS = (
					"$(inherited)",
					"@executable_path/Frameworks",
				);
				PRODUCT_BUNDLE_IDENTIFIER = "udom2538.iOS-Developer-Quiz";
				PRODUCT_NAME = "$(TARGET_NAME)";
				SWIFT_VERSION = 5.0;
				TARGETED_DEVICE_FAMILY = "1,2";
			};
			name = Release;
		};
		4A4E5CC622C3881200DBD376 /* Debug */ = {
			isa = XCBuildConfiguration;
			baseConfigurationReference = BDA4B496CD0865A409DE7FB2 /* Pods-iOS Developer QuizTests.debug.xcconfig */;
			buildSettings = {
				ALWAYS_EMBED_SWIFT_STANDARD_LIBRARIES = YES;
				BUNDLE_LOADER = "$(TEST_HOST)";
				CODE_SIGN_STYLE = Automatic;
				INFOPLIST_FILE = "iOS Developer QuizTests/Info.plist";
				LD_RUNPATH_SEARCH_PATHS = (
					"$(inherited)",
					"@executable_path/Frameworks",
					"@loader_path/Frameworks",
				);
				PRODUCT_BUNDLE_IDENTIFIER = "udom2538.iOS-Developer-QuizTests";
				PRODUCT_NAME = "$(TARGET_NAME)";
				SWIFT_VERSION = 5.0;
				TARGETED_DEVICE_FAMILY = "1,2";
				TEST_HOST = "$(BUILT_PRODUCTS_DIR)/iOS Developer Quiz.app/iOS Developer Quiz";
			};
			name = Debug;
		};
		4A4E5CC722C3881200DBD376 /* Release */ = {
			isa = XCBuildConfiguration;
			baseConfigurationReference = C8BA907BFC8513AFD6BDD869 /* Pods-iOS Developer QuizTests.release.xcconfig */;
			buildSettings = {
				ALWAYS_EMBED_SWIFT_STANDARD_LIBRARIES = YES;
				BUNDLE_LOADER = "$(TEST_HOST)";
				CODE_SIGN_STYLE = Automatic;
				INFOPLIST_FILE = "iOS Developer QuizTests/Info.plist";
				LD_RUNPATH_SEARCH_PATHS = (
					"$(inherited)",
					"@executable_path/Frameworks",
					"@loader_path/Frameworks",
				);
				PRODUCT_BUNDLE_IDENTIFIER = "udom2538.iOS-Developer-QuizTests";
				PRODUCT_NAME = "$(TARGET_NAME)";
				SWIFT_VERSION = 5.0;
				TARGETED_DEVICE_FAMILY = "1,2";
				TEST_HOST = "$(BUILT_PRODUCTS_DIR)/iOS Developer Quiz.app/iOS Developer Quiz";
			};
			name = Release;
		};
/* End XCBuildConfiguration section */

/* Begin XCConfigurationList section */
		4A4E5CA022C3880F00DBD376 /* Build configuration list for PBXProject "iOS Developer Quiz" */ = {
			isa = XCConfigurationList;
			buildConfigurations = (
				4A4E5CC022C3881200DBD376 /* Debug */,
				4A4E5CC122C3881200DBD376 /* Release */,
			);
			defaultConfigurationIsVisible = 0;
			defaultConfigurationName = Release;
		};
		4A4E5CC222C3881200DBD376 /* Build configuration list for PBXNativeTarget "iOS Developer Quiz" */ = {
			isa = XCConfigurationList;
			buildConfigurations = (
				4A4E5CC322C3881200DBD376 /* Debug */,
				4A4E5CC422C3881200DBD376 /* Release */,
			);
			defaultConfigurationIsVisible = 0;
			defaultConfigurationName = Release;
		};
		4A4E5CC522C3881200DBD376 /* Build configuration list for PBXNativeTarget "iOS Developer QuizTests" */ = {
			isa = XCConfigurationList;
			buildConfigurations = (
				4A4E5CC622C3881200DBD376 /* Debug */,
				4A4E5CC722C3881200DBD376 /* Release */,
			);
			defaultConfigurationIsVisible = 0;
			defaultConfigurationName = Release;
		};
/* End XCConfigurationList section */
	};
	rootObject = 4A4E5C9D22C3880F00DBD376 /* Project object */;
}
